
Microsoft Visual Studio Solution File, Format Version 11.00
# Visual Studio 2010
Project("{FAE04EC0-301F-11D3-BF4B-00C04F79EFBC}") = "Building_Designer", "Building_Designer\Building_Designer.csproj", "{E1EB9F20-10BB-4B9E-A49B-244CE8879063}"
EndProject
Global
	GlobalSection(SolutionConfigurationPlatforms) = preSolution
		Debug|x86 = Debug|x86
		Release|x86 = Release|x86
	EndGlobalSection
	GlobalSection(ProjectConfigurationPlatforms) = postSolution
		{E1EB9F20-10BB-4B9E-A49B-244CE8879063}.Debug|x86.ActiveCfg = Debug|x86
		{E1EB9F20-10BB-4B9E-A49B-244CE8879063}.Debug|x86.Build.0 = Debug|x86
		{E1EB9F20-10BB-4B9E-A49B-244CE8879063}.Release|x86.ActiveCfg = Release|x86
		{E1EB9F20-10BB-4B9E-A49B-244CE8879063}.Release|x86.Build.0 = Release|x86
	EndGlobalSection
	GlobalSection(MonoDevelopProperties) = preSolution
		StartupItem = Building_Designer\Building_Designer.csproj
	EndGlobalSection
EndGlobal
